
Microsoft Visual Studio Solution File, Format Version 12.00
# Visual Studio 14
VisualStudioVersion = 14.0.25420.1
MinimumVisualStudioVersion = 10.0.40219.1
Project("{FAE04EC0-301F-11D3-BF4B-00C04F79EFBC}") = "EcsRx", "EcsRx\EcsRx.csproj", "{108089FC-5BDC-4663-BD9D-94839AEB574E}"
EndProject
Project("{FAE04EC0-301F-11D3-BF4B-00C04F79EFBC}") = "EcsRx.Tests", "EcsRx.Tests\EcsRx.Tests.csproj", "{29DFE311-79C1-460F-8698-0C4537CBAB8E}"
EndProject
Project("{2150E333-8FDC-42A3-9474-1A3956D46DE8}") = "Examples", "Examples", "{171FA46F-93B4-4A0A-B3DF-5B71F32D59E4}"
EndProject
Project("{FAE04EC0-301F-11D3-BF4B-00C04F79EFBC}") = "EcsRx.Examples", "EcsRx.Examples\EcsRx.Examples.csproj", "{1B5630F2-47A2-4925-845F-F7DE169D8E57}"
EndProject
Global
	GlobalSection(SolutionConfigurationPlatforms) = preSolution
		Debug|Any CPU = Debug|Any CPU
		Release|Any CPU = Release|Any CPU
	EndGlobalSection
	GlobalSection(ProjectConfigurationPlatforms) = postSolution
		{108089FC-5BDC-4663-BD9D-94839AEB574E}.Debug|Any CPU.ActiveCfg = Debug|Any CPU
		{108089FC-5BDC-4663-BD9D-94839AEB574E}.Debug|Any CPU.Build.0 = Debug|Any CPU
		{108089FC-5BDC-4663-BD9D-94839AEB574E}.Release|Any CPU.ActiveCfg = Release|Any CPU
		{108089FC-5BDC-4663-BD9D-94839AEB574E}.Release|Any CPU.Build.0 = Release|Any CPU
		{29DFE311-79C1-460F-8698-0C4537CBAB8E}.Debug|Any CPU.ActiveCfg = Debug|Any CPU
		{29DFE311-79C1-460F-8698-0C4537CBAB8E}.Debug|Any CPU.Build.0 = Debug|Any CPU
		{29DFE311-79C1-460F-8698-0C4537CBAB8E}.Release|Any CPU.ActiveCfg = Release|Any CPU
		{29DFE311-79C1-460F-8698-0C4537CBAB8E}.Release|Any CPU.Build.0 = Release|Any CPU
		{1B5630F2-47A2-4925-845F-F7DE169D8E57}.Debug|Any CPU.ActiveCfg = Debug|Any CPU
		{1B5630F2-47A2-4925-845F-F7DE169D8E57}.Debug|Any CPU.Build.0 = Debug|Any CPU
		{1B5630F2-47A2-4925-845F-F7DE169D8E57}.Release|Any CPU.ActiveCfg = Release|Any CPU
		{1B5630F2-47A2-4925-845F-F7DE169D8E57}.Release|Any CPU.Build.0 = Release|Any CPU
	EndGlobalSection
	GlobalSection(SolutionProperties) = preSolution
		HideSolutionNode = FALSE
	EndGlobalSection
	GlobalSection(NestedProjects) = preSolution
		{1B5630F2-47A2-4925-845F-F7DE169D8E57} = {171FA46F-93B4-4A0A-B3DF-5B71F32D59E4}
	EndGlobalSection
EndGlobal
