
Microsoft Visual Studio Solution File, Format Version 12.00
# Visual Studio 15
VisualStudioVersion = 15.0.27130.2036
MinimumVisualStudioVersion = 10.0.40219.1
Project("{2150E333-8FDC-42A3-9474-1A3956D46DE8}") = "Framework", "Framework", "{1B6A21E2-A539-42B6-9234-6687CD36C2A0}"
EndProject
Project("{2150E333-8FDC-42A3-9474-1A3956D46DE8}") = "Tests", "Tests", "{DDDDD3FE-5FB1-465B-9A8E-F77047B23A6E}"
EndProject
Project("{FAE04EC0-301F-11D3-BF4B-00C04F79EFBC}") = "EcsRx", "EcsRx\EcsRx.csproj", "{65B743E5-FC6F-450A-82C5-24FE06BE59A0}"
EndProject
Project("{FAE04EC0-301F-11D3-BF4B-00C04F79EFBC}") = "EcsRx.Infrastructure", "EcsRx.Infrastructure\EcsRx.Infrastructure.csproj", "{6BD9DEBD-442A-4168-BA78-280567933384}"
EndProject
Project("{FAE04EC0-301F-11D3-BF4B-00C04F79EFBC}") = "EcsRx.Views", "EcsRx.Views\EcsRx.Views.csproj", "{5E71A943-6A34-4BC9-BC90-CE79585DEF4B}"
EndProject
Project("{FAE04EC0-301F-11D3-BF4B-00C04F79EFBC}") = "EcsRx.Reactive", "EcsRx.Reactive\EcsRx.Reactive.csproj", "{B297F660-88B1-4AA7-AF4E-3810B4A2A472}"
EndProject
Project("{FAE04EC0-301F-11D3-BF4B-00C04F79EFBC}") = "EcsRx.Tests", "EcsRx.Tests\EcsRx.Tests.csproj", "{A3AB60F7-7229-4C66-9513-1A1C5DA10D5A}"
EndProject
Project("{FAE04EC0-301F-11D3-BF4B-00C04F79EFBC}") = "EcsRx.PerformanceTests", "EcsRx.PerformanceTests\EcsRx.PerformanceTests.csproj", "{53BE6E96-ED17-4147-B3CB-9C0E9CFA6272}"
EndProject
Project("{FAE04EC0-301F-11D3-BF4B-00C04F79EFBC}") = "EcsRx.Examples", "EcsRx.Examples\EcsRx.Examples.csproj", "{6AAA87AA-1C4A-4BF0-8CD1-33CBDF6A4AE1}"
EndProject
Global
	GlobalSection(SolutionConfigurationPlatforms) = preSolution
		Debug|Any CPU = Debug|Any CPU
		Release|Any CPU = Release|Any CPU
	EndGlobalSection
	GlobalSection(ProjectConfigurationPlatforms) = postSolution
		{65B743E5-FC6F-450A-82C5-24FE06BE59A0}.Debug|Any CPU.ActiveCfg = Debug|Any CPU
		{65B743E5-FC6F-450A-82C5-24FE06BE59A0}.Debug|Any CPU.Build.0 = Debug|Any CPU
		{65B743E5-FC6F-450A-82C5-24FE06BE59A0}.Release|Any CPU.ActiveCfg = Release|Any CPU
		{65B743E5-FC6F-450A-82C5-24FE06BE59A0}.Release|Any CPU.Build.0 = Release|Any CPU
		{6BD9DEBD-442A-4168-BA78-280567933384}.Debug|Any CPU.ActiveCfg = Debug|Any CPU
		{6BD9DEBD-442A-4168-BA78-280567933384}.Debug|Any CPU.Build.0 = Debug|Any CPU
		{6BD9DEBD-442A-4168-BA78-280567933384}.Release|Any CPU.ActiveCfg = Release|Any CPU
		{6BD9DEBD-442A-4168-BA78-280567933384}.Release|Any CPU.Build.0 = Release|Any CPU
		{5E71A943-6A34-4BC9-BC90-CE79585DEF4B}.Debug|Any CPU.ActiveCfg = Debug|Any CPU
		{5E71A943-6A34-4BC9-BC90-CE79585DEF4B}.Debug|Any CPU.Build.0 = Debug|Any CPU
		{5E71A943-6A34-4BC9-BC90-CE79585DEF4B}.Release|Any CPU.ActiveCfg = Release|Any CPU
		{5E71A943-6A34-4BC9-BC90-CE79585DEF4B}.Release|Any CPU.Build.0 = Release|Any CPU
		{B297F660-88B1-4AA7-AF4E-3810B4A2A472}.Debug|Any CPU.ActiveCfg = Debug|Any CPU
		{B297F660-88B1-4AA7-AF4E-3810B4A2A472}.Debug|Any CPU.Build.0 = Debug|Any CPU
		{B297F660-88B1-4AA7-AF4E-3810B4A2A472}.Release|Any CPU.ActiveCfg = Release|Any CPU
		{B297F660-88B1-4AA7-AF4E-3810B4A2A472}.Release|Any CPU.Build.0 = Release|Any CPU
		{A3AB60F7-7229-4C66-9513-1A1C5DA10D5A}.Debug|Any CPU.ActiveCfg = Debug|Any CPU
		{A3AB60F7-7229-4C66-9513-1A1C5DA10D5A}.Debug|Any CPU.Build.0 = Debug|Any CPU
		{A3AB60F7-7229-4C66-9513-1A1C5DA10D5A}.Release|Any CPU.ActiveCfg = Release|Any CPU
		{A3AB60F7-7229-4C66-9513-1A1C5DA10D5A}.Release|Any CPU.Build.0 = Release|Any CPU
		{53BE6E96-ED17-4147-B3CB-9C0E9CFA6272}.Debug|Any CPU.ActiveCfg = Debug|Any CPU
		{53BE6E96-ED17-4147-B3CB-9C0E9CFA6272}.Debug|Any CPU.Build.0 = Debug|Any CPU
		{53BE6E96-ED17-4147-B3CB-9C0E9CFA6272}.Release|Any CPU.ActiveCfg = Release|Any CPU
		{53BE6E96-ED17-4147-B3CB-9C0E9CFA6272}.Release|Any CPU.Build.0 = Release|Any CPU
		{6AAA87AA-1C4A-4BF0-8CD1-33CBDF6A4AE1}.Debug|Any CPU.ActiveCfg = Debug|Any CPU
		{6AAA87AA-1C4A-4BF0-8CD1-33CBDF6A4AE1}.Debug|Any CPU.Build.0 = Debug|Any CPU
		{6AAA87AA-1C4A-4BF0-8CD1-33CBDF6A4AE1}.Release|Any CPU.ActiveCfg = Release|Any CPU
		{6AAA87AA-1C4A-4BF0-8CD1-33CBDF6A4AE1}.Release|Any CPU.Build.0 = Release|Any CPU
	EndGlobalSection
	GlobalSection(SolutionProperties) = preSolution
		HideSolutionNode = FALSE
	EndGlobalSection
	GlobalSection(NestedProjects) = preSolution
		{65B743E5-FC6F-450A-82C5-24FE06BE59A0} = {1B6A21E2-A539-42B6-9234-6687CD36C2A0}
		{6BD9DEBD-442A-4168-BA78-280567933384} = {1B6A21E2-A539-42B6-9234-6687CD36C2A0}
		{5E71A943-6A34-4BC9-BC90-CE79585DEF4B} = {1B6A21E2-A539-42B6-9234-6687CD36C2A0}
		{B297F660-88B1-4AA7-AF4E-3810B4A2A472} = {1B6A21E2-A539-42B6-9234-6687CD36C2A0}
		{A3AB60F7-7229-4C66-9513-1A1C5DA10D5A} = {DDDDD3FE-5FB1-465B-9A8E-F77047B23A6E}
		{53BE6E96-ED17-4147-B3CB-9C0E9CFA6272} = {DDDDD3FE-5FB1-465B-9A8E-F77047B23A6E}
	EndGlobalSection
	GlobalSection(ExtensibilityGlobals) = postSolution
		SolutionGuid = {C9292D27-B07F-42D9-94D7-38263CA662DB}
	EndGlobalSection
EndGlobal
